
Microsoft Visual Studio Solution File, Format Version 12.00
# Visual Studio Version 16
VisualStudioVersion = 16.0.34407.143
MinimumVisualStudioVersion = 10.0.40219.1
Project("{FAE04EC0-301F-11D3-BF4B-00C04F79EFBC}") = "mvcProje", "mvcProje.csproj", "{27EDDF3F-AC9D-44B6-A98E-D1189359ACEA}"
EndProject
Global
	GlobalSection(SolutionConfigurationPlatforms) = preSolution
		Debug|Any CPU = Debug|Any CPU
		Release|Any CPU = Release|Any CPU
	EndGlobalSection
	GlobalSection(ProjectConfigurationPlatforms) = postSolution
		{27EDDF3F-AC9D-44B6-A98E-D1189359ACEA}.Debug|Any CPU.ActiveCfg = Debug|Any CPU
		{27EDDF3F-AC9D-44B6-A98E-D1189359ACEA}.Debug|Any CPU.Build.0 = Debug|Any CPU
		{27EDDF3F-AC9D-44B6-A98E-D1189359ACEA}.Release|Any CPU.ActiveCfg = Release|Any CPU
		{27EDDF3F-AC9D-44B6-A98E-D1189359ACEA}.Release|Any CPU.Build.0 = Release|Any CPU
	EndGlobalSection
	GlobalSection(SolutionProperties) = preSolution
		HideSolutionNode = FALSE
	EndGlobalSection
	GlobalSection(ExtensibilityGlobals) = postSolution
		SolutionGuid = {95703E7D-1F56-4FDE-8C66-61CF9DFAB190}
	EndGlobalSection
EndGlobal
